{
  "name": "formAngular",
  "version": "1.0.0",
  "lockfileVersion": 2,
  "requires": true,
  "packages": {
    "": {
      "name": "formAngular",
      "version": "1.0.0",
      "dependencies": {
        "@uirouter/angularjs": "^1.0.7",
        "angular-input-masks": "^4.4.1",
        "br-validations": "^0.3.1"
      }
    },
    "node_modules/@uirouter/angularjs": {
      "version": "1.0.7",
      "resolved": "https://registry.npmjs.org/@uirouter/angularjs/-/angularjs-1.0.7.tgz",
      "integrity": "sha512-R3s+Dn3fO/v282CKUzRzpL7KUAR3AVpoL0hTCTugxOFDTvM6nOo6V2cBg5HWE3YnHKboSEGWhQYHv2/kNR67oA==",
      "hasInstallScript": true,
      "dependencies": {
        "@uirouter/core": "5.0.8"
      },
      "engines": {
        "node": ">=4.0.0"
      },
      "peerDependencies": {
        "angular": ">=1.2.0"
      }
    },
    "node_modules/@uirouter/core": {
      "version": "5.0.8",
      "resolved": "https://registry.npmjs.org/@uirouter/core/-/core-5.0.8.tgz",
      "integrity": "sha512-5Xb+hIAH0rqlRjZU4o2IorMRheIZdxOFsflTzWMzsM+d3ri/ManPe84ACl0qEovfKqY4aXXy8Gz8m7D4D5S+rw==",
      "hasInstallScript": true,
      "engines": {
        "node": ">=4.0.0"
      }
    },
    "node_modules/angular": {
      "version": "1.8.3",
      "resolved": "https://registry.npmjs.org/angular/-/angular-1.8.3.tgz",
      "integrity": "sha512-5qjkWIQQVsHj4Sb5TcEs4WZWpFeVFHXwxEBHUhrny41D8UrBAd6T/6nPPAsLngJCReIOqi95W3mxdveveutpZw==",
      "deprecated": "For the actively supported Angular, see https://www.npmjs.com/package/@angular/core. AngularJS support has officially ended. For extended AngularJS support options, see https://goo.gle/angularjs-path-forward.",
      "peer": true
    },
    "node_modules/angular-input-masks": {
      "version": "4.4.1",
      "resolved": "https://registry.npmjs.org/angular-input-masks/-/angular-input-masks-4.4.1.tgz",
      "integrity": "sha512-gY1rhev/07EO82UU6H1ENdYdI2yzfYXIb04JOW9Un4pWXhQ7sfsLp/jx10D8QZs7qwEa3/vHU3RdHLhpBtkjYA==",
      "dependencies": {
        "br-validations": "^0.3.1",
        "date-fns": "2.0.0-alpha.7",
        "string-mask": "^0.3.0"
      }
    },
    "node_modules/br-validations": {
      "version": "0.3.1",
      "resolved": "https://registry.npmjs.org/br-validations/-/br-validations-0.3.1.tgz",
      "integrity": "sha512-8ncHlnsMwz15kqAyc2mN9b6yb/WXhlwq3itKJK9L1tdIPCzqmYReBjmmvdAmGQAo3/A7IWHUFe0O/9c/hfNpIw=="
    },
    "node_modules/date-fns": {
      "version": "2.0.0-alpha.7",
      "resolved": "https://registry.npmjs.org/date-fns/-/date-fns-2.0.0-alpha.7.tgz",
      "integrity": "sha512-TrWCl5daN+rdOjg72LQE9OVtAz3FgIDUYoAoSQFHdRUAx/vggWvstDuSBeBlwqf2uMBrtWyY5ZB1NsbFOFb4fQ=="
    },
    "node_modules/string-mask": {
      "version": "0.3.0",
      "resolved": "https://registry.npmjs.org/string-mask/-/string-mask-0.3.0.tgz",
      "integrity": "sha512-YR93J2lCJyA9GYDHoPk2Yzykw6zc/A2KkcRchSMuLo9tTKDfawqrU/sGf2kxGelPyYTAgQ4j5MLWob/7tJ68bg=="
    }
  },
  "dependencies": {
    "@uirouter/angularjs": {
      "version": "1.0.7",
      "resolved": "https://registry.npmjs.org/@uirouter/angularjs/-/angularjs-1.0.7.tgz",
      "integrity": "sha512-R3s+Dn3fO/v282CKUzRzpL7KUAR3AVpoL0hTCTugxOFDTvM6nOo6V2cBg5HWE3YnHKboSEGWhQYHv2/kNR67oA==",
      "requires": {
        "@uirouter/core": "5.0.8"
      }
    },
    "@uirouter/core": {
      "version": "5.0.8",
      "resolved": "https://registry.npmjs.org/@uirouter/core/-/core-5.0.8.tgz",
      "integrity": "sha512-5Xb+hIAH0rqlRjZU4o2IorMRheIZdxOFsflTzWMzsM+d3ri/ManPe84ACl0qEovfKqY4aXXy8Gz8m7D4D5S+rw=="
    },
    "angular": {
      "version": "1.8.3",
      "resolved": "https://registry.npmjs.org/angular/-/angular-1.8.3.tgz",
      "integrity": "sha512-5qjkWIQQVsHj4Sb5TcEs4WZWpFeVFHXwxEBHUhrny41D8UrBAd6T/6nPPAsLngJCReIOqi95W3mxdveveutpZw==",
      "peer": true
    },
    "angular-input-masks": {
      "version": "4.4.1",
      "resolved": "https://registry.npmjs.org/angular-input-masks/-/angular-input-masks-4.4.1.tgz",
      "integrity": "sha512-gY1rhev/07EO82UU6H1ENdYdI2yzfYXIb04JOW9Un4pWXhQ7sfsLp/jx10D8QZs7qwEa3/vHU3RdHLhpBtkjYA==",
      "requires": {
        "br-validations": "^0.3.1",
        "date-fns": "2.0.0-alpha.7",
        "string-mask": "^0.3.0"
      }
    },
    "br-validations": {
      "version": "0.3.1",
      "resolved": "https://registry.npmjs.org/br-validations/-/br-validations-0.3.1.tgz",
      "integrity": "sha512-8ncHlnsMwz15kqAyc2mN9b6yb/WXhlwq3itKJK9L1tdIPCzqmYReBjmmvdAmGQAo3/A7IWHUFe0O/9c/hfNpIw=="
    },
    "date-fns": {
      "version": "2.0.0-alpha.7",
      "resolved": "https://registry.npmjs.org/date-fns/-/date-fns-2.0.0-alpha.7.tgz",
      "integrity": "sha512-TrWCl5daN+rdOjg72LQE9OVtAz3FgIDUYoAoSQFHdRUAx/vggWvstDuSBeBlwqf2uMBrtWyY5ZB1NsbFOFb4fQ=="
    },
    "string-mask": {
      "version": "0.3.0",
      "resolved": "https://registry.npmjs.org/string-mask/-/string-mask-0.3.0.tgz",
      "integrity": "sha512-YR93J2lCJyA9GYDHoPk2Yzykw6zc/A2KkcRchSMuLo9tTKDfawqrU/sGf2kxGelPyYTAgQ4j5MLWob/7tJ68bg=="
    }
  }
}
